
Microsoft Visual Studio Solution File, Format Version 12.00
# Visual Studio Version 16
VisualStudioVersion = 16.0.29920.165
MinimumVisualStudioVersion = 10.0.40219.1
Project("{FAE04EC0-301F-11D3-BF4B-00C04F79EFBC}") = "web_plantastic", "web_plantastic.csproj", "{5A39BA14-31C0-4A9E-96C3-03ABE988A713}"
EndProject
Global
	GlobalSection(SolutionConfigurationPlatforms) = preSolution
		Debug|Any CPU = Debug|Any CPU
		Release|Any CPU = Release|Any CPU
	EndGlobalSection
	GlobalSection(ProjectConfigurationPlatforms) = postSolution
		{5A39BA14-31C0-4A9E-96C3-03ABE988A713}.Debug|Any CPU.ActiveCfg = Debug|Any CPU
		{5A39BA14-31C0-4A9E-96C3-03ABE988A713}.Debug|Any CPU.Build.0 = Debug|Any CPU
		{5A39BA14-31C0-4A9E-96C3-03ABE988A713}.Release|Any CPU.ActiveCfg = Release|Any CPU
		{5A39BA14-31C0-4A9E-96C3-03ABE988A713}.Release|Any CPU.Build.0 = Release|Any CPU
	EndGlobalSection
	GlobalSection(SolutionProperties) = preSolution
		HideSolutionNode = FALSE
	EndGlobalSection
	GlobalSection(ExtensibilityGlobals) = postSolution
		SolutionGuid = {EDC589A5-4BFB-4688-9CC9-3FD51C10B867}
	EndGlobalSection
EndGlobal
